
Microsoft Visual Studio Solution File, Format Version 12.00
# Visual Studio Version 17
VisualStudioVersion = 17.7.34221.43
MinimumVisualStudioVersion = 10.0.40219.1
Project("{9A19103F-16F7-4668-BE54-9A1E7A4F7556}") = "BaseAutomatedTests", "BaseAutomatedTests\BaseAutomatedTests.csproj", "{8353F210-F194-4DFA-9913-791DA1135498}"
EndProject
Project("{FAE04EC0-301F-11D3-BF4B-00C04F79EFBC}") = "StackOverflow", "StackOverflow\StackOverflow.csproj", "{AC38DB59-B917-4849-9CD9-11F4150473B0}"
EndProject
Global
	GlobalSection(SolutionConfigurationPlatforms) = preSolution
		Debug|Any CPU = Debug|Any CPU
		Release|Any CPU = Release|Any CPU
	EndGlobalSection
	GlobalSection(ProjectConfigurationPlatforms) = postSolution
		{8353F210-F194-4DFA-9913-791DA1135498}.Debug|Any CPU.ActiveCfg = Debug|Any CPU
		{8353F210-F194-4DFA-9913-791DA1135498}.Debug|Any CPU.Build.0 = Debug|Any CPU
		{8353F210-F194-4DFA-9913-791DA1135498}.Release|Any CPU.ActiveCfg = Release|Any CPU
		{8353F210-F194-4DFA-9913-791DA1135498}.Release|Any CPU.Build.0 = Release|Any CPU
		{AC38DB59-B917-4849-9CD9-11F4150473B0}.Debug|Any CPU.ActiveCfg = Debug|Any CPU
		{AC38DB59-B917-4849-9CD9-11F4150473B0}.Debug|Any CPU.Build.0 = Debug|Any CPU
		{AC38DB59-B917-4849-9CD9-11F4150473B0}.Release|Any CPU.ActiveCfg = Release|Any CPU
		{AC38DB59-B917-4849-9CD9-11F4150473B0}.Release|Any CPU.Build.0 = Release|Any CPU
	EndGlobalSection
	GlobalSection(SolutionProperties) = preSolution
		HideSolutionNode = FALSE
	EndGlobalSection
	GlobalSection(ExtensibilityGlobals) = postSolution
		SolutionGuid = {C1E9A34B-1706-4640-B7AA-07C7983A4F54}
	EndGlobalSection
EndGlobal
